{
  "originHash" : "402af258bf43472ab0327a550b97a823103f59f5d378a15df589abdcebd30692",
  "pins" : [
    {
      "identity" : "llama.cpp",
      "kind" : "remoteSourceControl",
      "location" : "https://github.com/ggerganov/llama.cpp/",
      "state" : {
        "revision" : "cc98896db858df7aa40d0e16a505883ef196a482"
      }
    }
  ],
  "version" : 3
}
