// !$*UTF8*$!
{
	archiveVersion = 1;
	classes = {
	};
	objectVersion = 70;
	objects = {

/* Begin PBXBuildFile section */
		48D976622CE57322008DB9FD /* keyboardDismiss.swift in Sources */ = {isa = PBXBuildFile; fileRef = 48D976602CE57322008DB9FD /* keyboardDismiss.swift */; };
		1AA5BE972CE56A54004CA83D /* DisclaimerPageView.swift in Sources */ = {isa = PBXBuildFile; fileRef = 1AA5BE962CE56A4B004CA83D /* DisclaimerPageView.swift */; };
		58133EF62CE535C60052EFAD /* SpinnerView.swift in Sources */ = {isa = PBXBuildFile; fileRef = 58133EF52CE535C60052EFAD /* SpinnerView.swift */; };
		A0117FEC2C990EAB00035007 /* OLMoE_swiftApp.swift in Sources */ = {isa = PBXBuildFile; fileRef = A0117FEB2C990EAB00035007 /* OLMoE_swiftApp.swift */; };
		A0117FEE2C990EAB00035007 /* ContentView.swift in Sources */ = {isa = PBXBuildFile; fileRef = A0117FED2C990EAB00035007 /* ContentView.swift */; };
		A0117FF02C990EAC00035007 /* Assets.xcassets in Resources */ = {isa = PBXBuildFile; fileRef = A0117FEF2C990EAC00035007 /* Assets.xcassets */; };
		A0117FF42C990EAC00035007 /* Preview Assets.xcassets in Resources */ = {isa = PBXBuildFile; fileRef = A0117FF32C990EAC00035007 /* Preview Assets.xcassets */; };
		A0117FFF2C990F5600035007 /* llama in Frameworks */ = {isa = PBXBuildFile; productRef = A0117FFE2C990F5600035007 /* llama */; };
		A01180012C990F7600035007 /* LLM.swift in Sources */ = {isa = PBXBuildFile; fileRef = A01180002C990F7600035007 /* LLM.swift */; };
		A011800C2C9A919D00035007 /* ModelDownloadView.swift in Sources */ = {isa = PBXBuildFile; fileRef = A011800B2C9A919D00035007 /* ModelDownloadView.swift */; };
		A046603B2CA3FA7B007BD14C /* release.xcconfig in Resources */ = {isa = PBXBuildFile; fileRef = A046603A2CA3FA7B007BD14C /* release.xcconfig */; };
		A046603D2CA3FAFA007BD14C /* Configuration.swift in Sources */ = {isa = PBXBuildFile; fileRef = A046603C2CA3FAFA007BD14C /* Configuration.swift */; };
		A046603F2CA400D2007BD14C /* AppInfo.swift in Sources */ = {isa = PBXBuildFile; fileRef = A046603E2CA400D2007BD14C /* AppInfo.swift */; };
		A0ADA4522C9B82CE007BB509 /* Manrope-VariableFont_wght.ttf in Resources */ = {isa = PBXBuildFile; fileRef = A0ADA4512C9B82CE007BB509 /* Manrope-VariableFont_wght.ttf */; };
		A0ADA4542C9B83E9007BB509 /* ManropeFont.swift in Sources */ = {isa = PBXBuildFile; fileRef = A0ADA4532C9B83E6007BB509 /* ManropeFont.swift */; };
/* End PBXBuildFile section */

/* Begin PBXFileReference section */
		48D976602CE57322008DB9FD /* keyboardDismiss.swift */ = {isa = PBXFileReference; lastKnownFileType = sourcecode.swift; path = keyboardDismiss.swift; sourceTree = "<group>"; };
		1AA5BE962CE56A4B004CA83D /* DisclaimerPageView.swift */ = {isa = PBXFileReference; lastKnownFileType = sourcecode.swift; path = DisclaimerPageView.swift; sourceTree = "<group>"; };
		58133EF52CE535C60052EFAD /* SpinnerView.swift */ = {isa = PBXFileReference; lastKnownFileType = sourcecode.swift; path = SpinnerView.swift; sourceTree = "<group>"; };
		A0117FE82C990EAB00035007 /* OLMoE.swift.app */ = {isa = PBXFileReference; explicitFileType = wrapper.application; includeInIndex = 0; path = OLMoE.swift.app; sourceTree = BUILT_PRODUCTS_DIR; };
		A0117FEB2C990EAB00035007 /* OLMoE_swiftApp.swift */ = {isa = PBXFileReference; lastKnownFileType = sourcecode.swift; path = OLMoE_swiftApp.swift; sourceTree = "<group>"; };
		A0117FED2C990EAB00035007 /* ContentView.swift */ = {isa = PBXFileReference; lastKnownFileType = sourcecode.swift; path = ContentView.swift; sourceTree = "<group>"; };
		A0117FEF2C990EAC00035007 /* Assets.xcassets */ = {isa = PBXFileReference; lastKnownFileType = folder.assetcatalog; path = Assets.xcassets; sourceTree = "<group>"; };
		A0117FF12C990EAC00035007 /* OLMoE_swift.entitlements */ = {isa = PBXFileReference; lastKnownFileType = text.plist.entitlements; path = OLMoE_swift.entitlements; sourceTree = "<group>"; };
		A0117FF32C990EAC00035007 /* Preview Assets.xcassets */ = {isa = PBXFileReference; lastKnownFileType = folder.assetcatalog; path = "Preview Assets.xcassets"; sourceTree = "<group>"; };
		A01180002C990F7600035007 /* LLM.swift */ = {isa = PBXFileReference; lastKnownFileType = sourcecode.swift; path = LLM.swift; sourceTree = "<group>"; };
		A011800B2C9A919D00035007 /* ModelDownloadView.swift */ = {isa = PBXFileReference; fileEncoding = 4; lastKnownFileType = sourcecode.swift; path = ModelDownloadView.swift; sourceTree = "<group>"; };
		A046603A2CA3FA7B007BD14C /* release.xcconfig */ = {isa = PBXFileReference; lastKnownFileType = text.xcconfig; path = release.xcconfig; sourceTree = "<group>"; };
		A046603C2CA3FAFA007BD14C /* Configuration.swift */ = {isa = PBXFileReference; lastKnownFileType = sourcecode.swift; path = Configuration.swift; sourceTree = "<group>"; };
		A046603E2CA400D2007BD14C /* AppInfo.swift */ = {isa = PBXFileReference; lastKnownFileType = sourcecode.swift; path = AppInfo.swift; sourceTree = "<group>"; };
		A04660402CA4017D007BD14C /* OLMoE-swift-Info.plist */ = {isa = PBXFileReference; lastKnownFileType = text.plist; path = "OLMoE-swift-Info.plist"; sourceTree = SOURCE_ROOT; };
		A0ADA4512C9B82CE007BB509 /* Manrope-VariableFont_wght.ttf */ = {isa = PBXFileReference; lastKnownFileType = file; path = "Manrope-VariableFont_wght.ttf"; sourceTree = "<group>"; };
		A0ADA4532C9B83E6007BB509 /* ManropeFont.swift */ = {isa = PBXFileReference; lastKnownFileType = sourcecode.swift; path = ManropeFont.swift; sourceTree = "<group>"; };
/* End PBXFileReference section */

/* Begin PBXFileSystemSynchronizedRootGroup section */
		A04660392CA1E684007BD14C /* aws_lambda */ = {isa = PBXFileSystemSynchronizedRootGroup; explicitFileTypes = {}; explicitFolders = (); path = aws_lambda; sourceTree = "<group>"; };
/* End PBXFileSystemSynchronizedRootGroup section */

/* Begin PBXFrameworksBuildPhase section */
		A0117FE52C990EAB00035007 /* Frameworks */ = {
			isa = PBXFrameworksBuildPhase;
			buildActionMask = 2147483647;
			files = (
				A0117FFF2C990F5600035007 /* llama in Frameworks */,
			);
			runOnlyForDeploymentPostprocessing = 0;
		};
/* End PBXFrameworksBuildPhase section */

/* Begin PBXGroup section */
		48D976612CE57322008DB9FD /* extensions */ = {
			isa = PBXGroup;
			children = (
				48D976602CE57322008DB9FD /* keyboardDismiss.swift */,
			);
			path = extensions;
			sourceTree = "<group>";
		};
		A0117FDF2C990EAB00035007 = {
			isa = PBXGroup;
			children = (
				A04660392CA1E684007BD14C /* aws_lambda */,
				A0117FEA2C990EAB00035007 /* OLMoE.swift */,
				A0117FE92C990EAB00035007 /* Products */,
			);
			sourceTree = "<group>";
		};
		A0117FE92C990EAB00035007 /* Products */ = {
			isa = PBXGroup;
			children = (
				A0117FE82C990EAB00035007 /* OLMoE.swift.app */,
			);
			name = Products;
			sourceTree = "<group>";
		};
		A0117FEA2C990EAB00035007 /* OLMoE.swift */ = {
			isa = PBXGroup;
			children = (
				48D976612CE57322008DB9FD /* extensions */,
				A04660402CA4017D007BD14C /* OLMoE-swift-Info.plist */,
				A046603E2CA400D2007BD14C /* AppInfo.swift */,
				A046603C2CA3FAFA007BD14C /* Configuration.swift */,
				A0ADA4532C9B83E6007BB509 /* ManropeFont.swift */,
				A011800B2C9A919D00035007 /* ModelDownloadView.swift */,
				A0117FEB2C990EAB00035007 /* OLMoE_swiftApp.swift */,
				A0117FED2C990EAB00035007 /* ContentView.swift */,
				58133EF52CE535C60052EFAD /* SpinnerView.swift */,
				1AA5BE962CE56A4B004CA83D /* DisclaimerPageView.swift */,
				A0117FEF2C990EAC00035007 /* Assets.xcassets */,
				A0117FF12C990EAC00035007 /* OLMoE_swift.entitlements */,
				A0117FF22C990EAC00035007 /* Preview Content */,
				A01180002C990F7600035007 /* LLM.swift */,
				A0ADA4512C9B82CE007BB509 /* Manrope-VariableFont_wght.ttf */,
				A046603A2CA3FA7B007BD14C /* release.xcconfig */,
			);
			path = OLMoE.swift;
			sourceTree = "<group>";
		};
		A0117FF22C990EAC00035007 /* Preview Content */ = {
			isa = PBXGroup;
			children = (
				A0117FF32C990EAC00035007 /* Preview Assets.xcassets */,
			);
			path = "Preview Content";
			sourceTree = "<group>";
		};
/* End PBXGroup section */

/* Begin PBXNativeTarget section */
		A0117FE72C990EAB00035007 /* OLMoE.swift */ = {
			isa = PBXNativeTarget;
			buildConfigurationList = A0117FF72C990EAC00035007 /* Build configuration list for PBXNativeTarget "OLMoE.swift" */;
			buildPhases = (
				A0117FE42C990EAB00035007 /* Sources */,
				A0117FE52C990EAB00035007 /* Frameworks */,
				A0117FE62C990EAB00035007 /* Resources */,
			);
			buildRules = (
			);
			dependencies = (
			);
			name = OLMoE.swift;
			packageProductDependencies = (
				A0117FFE2C990F5600035007 /* llama */,
			);
			productName = OLMoE.swift;
			productReference = A0117FE82C990EAB00035007 /* OLMoE.swift.app */;
			productType = "com.apple.product-type.application";
		};
/* End PBXNativeTarget section */

/* Begin PBXProject section */
		A0117FE02C990EAB00035007 /* Project object */ = {
			isa = PBXProject;
			attributes = {
				BuildIndependentTargetsInParallel = 1;
				KnownAssetTags = (
					New,
				);
				LastSwiftUpdateCheck = 1540;
				LastUpgradeCheck = 1540;
				TargetAttributes = {
					A0117FE72C990EAB00035007 = {
						CreatedOnToolsVersion = 15.4;
					};
				};
			};
			buildConfigurationList = A0117FE32C990EAB00035007 /* Build configuration list for PBXProject "OLMoE.swift" */;
			compatibilityVersion = "Xcode 14.0";
			developmentRegion = en;
			hasScannedForEncodings = 0;
			knownRegions = (
				en,
				Base,
			);
			mainGroup = A0117FDF2C990EAB00035007;
			packageReferences = (
				A0117FFD2C990F5600035007 /* XCRemoteSwiftPackageReference "llama" */,
			);
			productRefGroup = A0117FE92C990EAB00035007 /* Products */;
			projectDirPath = "";
			projectRoot = "";
			targets = (
				A0117FE72C990EAB00035007 /* OLMoE.swift */,
			);
		};
/* End PBXProject section */

/* Begin PBXResourcesBuildPhase section */
		A0117FE62C990EAB00035007 /* Resources */ = {
			isa = PBXResourcesBuildPhase;
			buildActionMask = 2147483647;
			files = (
				A046603B2CA3FA7B007BD14C /* release.xcconfig in Resources */,
				A0117FF42C990EAC00035007 /* Preview Assets.xcassets in Resources */,
				A0117FF02C990EAC00035007 /* Assets.xcassets in Resources */,
				A0ADA4522C9B82CE007BB509 /* Manrope-VariableFont_wght.ttf in Resources */,
			);
			runOnlyForDeploymentPostprocessing = 0;
		};
/* End PBXResourcesBuildPhase section */

/* Begin PBXSourcesBuildPhase section */
		A0117FE42C990EAB00035007 /* Sources */ = {
			isa = PBXSourcesBuildPhase;
			buildActionMask = 2147483647;
			files = (
				A046603D2CA3FAFA007BD14C /* Configuration.swift in Sources */,
				1AA5BE972CE56A54004CA83D /* DisclaimerPageView.swift in Sources */,
				A0117FEE2C990EAB00035007 /* ContentView.swift in Sources */,
				A01180012C990F7600035007 /* LLM.swift in Sources */,
				A011800C2C9A919D00035007 /* ModelDownloadView.swift in Sources */,
				A0117FEC2C990EAB00035007 /* OLMoE_swiftApp.swift in Sources */,
				48D976622CE57322008DB9FD /* keyboardDismiss.swift in Sources */,
				A0ADA4542C9B83E9007BB509 /* ManropeFont.swift in Sources */,
				58133EF62CE535C60052EFAD /* SpinnerView.swift in Sources */,
				A046603F2CA400D2007BD14C /* AppInfo.swift in Sources */,
			);
			runOnlyForDeploymentPostprocessing = 0;
		};
/* End PBXSourcesBuildPhase section */

/* Begin XCBuildConfiguration section */
		A0117FF52C990EAC00035007 /* Debug */ = {
			isa = XCBuildConfiguration;
			baseConfigurationReference = A046603A2CA3FA7B007BD14C /* release.xcconfig */;
			buildSettings = {
				ALWAYS_SEARCH_USER_PATHS = NO;
				ASSETCATALOG_COMPILER_GENERATE_SWIFT_ASSET_SYMBOL_EXTENSIONS = YES;
				CLANG_ANALYZER_NONNULL = YES;
				CLANG_ANALYZER_NUMBER_OBJECT_CONVERSION = YES_AGGRESSIVE;
				CLANG_CXX_LANGUAGE_STANDARD = "gnu++20";
				CLANG_ENABLE_MODULES = YES;
				CLANG_ENABLE_OBJC_ARC = YES;
				CLANG_ENABLE_OBJC_WEAK = YES;
				CLANG_WARN_BLOCK_CAPTURE_AUTORELEASING = YES;
				CLANG_WARN_BOOL_CONVERSION = YES;
				CLANG_WARN_COMMA = YES;
				CLANG_WARN_CONSTANT_CONVERSION = YES;
				CLANG_WARN_DEPRECATED_OBJC_IMPLEMENTATIONS = YES;
				CLANG_WARN_DIRECT_OBJC_ISA_USAGE = YES_ERROR;
				CLANG_WARN_DOCUMENTATION_COMMENTS = YES;
				CLANG_WARN_EMPTY_BODY = YES;
				CLANG_WARN_ENUM_CONVERSION = YES;
				CLANG_WARN_INFINITE_RECURSION = YES;
				CLANG_WARN_INT_CONVERSION = YES;
				CLANG_WARN_NON_LITERAL_NULL_CONVERSION = YES;
				CLANG_WARN_OBJC_IMPLICIT_RETAIN_SELF = YES;
				CLANG_WARN_OBJC_LITERAL_CONVERSION = YES;
				CLANG_WARN_OBJC_ROOT_CLASS = YES_ERROR;
				CLANG_WARN_QUOTED_INCLUDE_IN_FRAMEWORK_HEADER = YES;
				CLANG_WARN_RANGE_LOOP_ANALYSIS = YES;
				CLANG_WARN_STRICT_PROTOTYPES = YES;
				CLANG_WARN_SUSPICIOUS_MOVE = YES;
				CLANG_WARN_UNGUARDED_AVAILABILITY = YES_AGGRESSIVE;
				CLANG_WARN_UNREACHABLE_CODE = YES;
				CLANG_WARN__DUPLICATE_METHOD_MATCH = YES;
				COPY_PHASE_STRIP = NO;
				DEBUG_INFORMATION_FORMAT = dwarf;
				ENABLE_STRICT_OBJC_MSGSEND = YES;
				ENABLE_TESTABILITY = YES;
				ENABLE_USER_SCRIPT_SANDBOXING = YES;
				GCC_C_LANGUAGE_STANDARD = gnu17;
				GCC_DYNAMIC_NO_PIC = NO;
				GCC_NO_COMMON_BLOCKS = YES;
				GCC_OPTIMIZATION_LEVEL = 0;
				GCC_PREPROCESSOR_DEFINITIONS = (
					"DEBUG=1",
					"$(inherited)",
				);
				GCC_WARN_64_TO_32_BIT_CONVERSION = YES;
				GCC_WARN_ABOUT_RETURN_TYPE = YES_ERROR;
				GCC_WARN_UNDECLARED_SELECTOR = YES;
				GCC_WARN_UNINITIALIZED_AUTOS = YES_AGGRESSIVE;
				GCC_WARN_UNUSED_FUNCTION = YES;
				GCC_WARN_UNUSED_VARIABLE = YES;
				LOCALIZATION_PREFERS_STRING_CATALOGS = YES;
				MTL_ENABLE_DEBUG_INFO = INCLUDE_SOURCE;
				MTL_FAST_MATH = YES;
				ONLY_ACTIVE_ARCH = YES;
				SWIFT_ACTIVE_COMPILATION_CONDITIONS = "DEBUG $(inherited)";
				SWIFT_OPTIMIZATION_LEVEL = "-Onone";
			};
			name = Debug;
		};
		A0117FF62C990EAC00035007 /* Release */ = {
			isa = XCBuildConfiguration;
			baseConfigurationReference = A046603A2CA3FA7B007BD14C /* release.xcconfig */;
			buildSettings = {
				ALWAYS_SEARCH_USER_PATHS = NO;
				ASSETCATALOG_COMPILER_GENERATE_SWIFT_ASSET_SYMBOL_EXTENSIONS = YES;
				CLANG_ANALYZER_NONNULL = YES;
				CLANG_ANALYZER_NUMBER_OBJECT_CONVERSION = YES_AGGRESSIVE;
				CLANG_CXX_LANGUAGE_STANDARD = "gnu++20";
				CLANG_ENABLE_MODULES = YES;
				CLANG_ENABLE_OBJC_ARC = YES;
				CLANG_ENABLE_OBJC_WEAK = YES;
				CLANG_WARN_BLOCK_CAPTURE_AUTORELEASING = YES;
				CLANG_WARN_BOOL_CONVERSION = YES;
				CLANG_WARN_COMMA = YES;
				CLANG_WARN_CONSTANT_CONVERSION = YES;
				CLANG_WARN_DEPRECATED_OBJC_IMPLEMENTATIONS = YES;
				CLANG_WARN_DIRECT_OBJC_ISA_USAGE = YES_ERROR;
				CLANG_WARN_DOCUMENTATION_COMMENTS = YES;
				CLANG_WARN_EMPTY_BODY = YES;
				CLANG_WARN_ENUM_CONVERSION = YES;
				CLANG_WARN_INFINITE_RECURSION = YES;
				CLANG_WARN_INT_CONVERSION = YES;
				CLANG_WARN_NON_LITERAL_NULL_CONVERSION = YES;
				CLANG_WARN_OBJC_IMPLICIT_RETAIN_SELF = YES;
				CLANG_WARN_OBJC_LITERAL_CONVERSION = YES;
				CLANG_WARN_OBJC_ROOT_CLASS = YES_ERROR;
				CLANG_WARN_QUOTED_INCLUDE_IN_FRAMEWORK_HEADER = YES;
				CLANG_WARN_RANGE_LOOP_ANALYSIS = YES;
				CLANG_WARN_STRICT_PROTOTYPES = YES;
				CLANG_WARN_SUSPICIOUS_MOVE = YES;
				CLANG_WARN_UNGUARDED_AVAILABILITY = YES_AGGRESSIVE;
				CLANG_WARN_UNREACHABLE_CODE = YES;
				CLANG_WARN__DUPLICATE_METHOD_MATCH = YES;
				COPY_PHASE_STRIP = NO;
				DEBUG_INFORMATION_FORMAT = "dwarf-with-dsym";
				ENABLE_NS_ASSERTIONS = NO;
				ENABLE_STRICT_OBJC_MSGSEND = YES;
				ENABLE_USER_SCRIPT_SANDBOXING = YES;
				GCC_C_LANGUAGE_STANDARD = gnu17;
				GCC_NO_COMMON_BLOCKS = YES;
				GCC_WARN_64_TO_32_BIT_CONVERSION = YES;
				GCC_WARN_ABOUT_RETURN_TYPE = YES_ERROR;
				GCC_WARN_UNDECLARED_SELECTOR = YES;
				GCC_WARN_UNINITIALIZED_AUTOS = YES_AGGRESSIVE;
				GCC_WARN_UNUSED_FUNCTION = YES;
				GCC_WARN_UNUSED_VARIABLE = YES;
				LOCALIZATION_PREFERS_STRING_CATALOGS = YES;
				MTL_ENABLE_DEBUG_INFO = NO;
				MTL_FAST_MATH = YES;
				SWIFT_COMPILATION_MODE = wholemodule;
			};
			name = Release;
		};
		A0117FF82C990EAC00035007 /* Debug */ = {
			isa = XCBuildConfiguration;
			baseConfigurationReference = A046603A2CA3FA7B007BD14C /* release.xcconfig */;
			buildSettings = {
				ASSETCATALOG_COMPILER_APPICON_NAME = AppIcon;
				ASSETCATALOG_COMPILER_GLOBAL_ACCENT_COLOR_NAME = AccentColor;
				CODE_SIGN_ENTITLEMENTS = OLMoE.swift/OLMoE_swift.entitlements;
				CODE_SIGN_STYLE = Automatic;
				CURRENT_PROJECT_VERSION = 4;
				DEVELOPMENT_ASSET_PATHS = "\"OLMoE.swift/Preview Content\"";
				DEVELOPMENT_TEAM = QTBFJXDW7X;
				ENABLE_HARDENED_RUNTIME = YES;
				ENABLE_PREVIEWS = YES;
				GENERATE_INFOPLIST_FILE = YES;
				INFOPLIST_FILE = "OLMoE-swift-Info.plist";
				INFOPLIST_KEY_CFBundleDisplayName = "Ai2 OLMoE";
				"INFOPLIST_KEY_UIApplicationSceneManifest_Generation[sdk=iphoneos*]" = YES;
				"INFOPLIST_KEY_UIApplicationSceneManifest_Generation[sdk=iphonesimulator*]" = YES;
				"INFOPLIST_KEY_UIApplicationSupportsIndirectInputEvents[sdk=iphoneos*]" = YES;
				"INFOPLIST_KEY_UIApplicationSupportsIndirectInputEvents[sdk=iphonesimulator*]" = YES;
				"INFOPLIST_KEY_UILaunchScreen_Generation[sdk=iphoneos*]" = YES;
				"INFOPLIST_KEY_UILaunchScreen_Generation[sdk=iphonesimulator*]" = YES;
				"INFOPLIST_KEY_UIStatusBarStyle[sdk=iphoneos*]" = UIStatusBarStyleDefault;
				"INFOPLIST_KEY_UIStatusBarStyle[sdk=iphonesimulator*]" = UIStatusBarStyleDefault;
				INFOPLIST_KEY_UISupportedInterfaceOrientations_iPad = "UIInterfaceOrientationPortrait UIInterfaceOrientationPortraitUpsideDown UIInterfaceOrientationLandscapeLeft UIInterfaceOrientationLandscapeRight";
				INFOPLIST_KEY_UISupportedInterfaceOrientations_iPhone = "UIInterfaceOrientationPortrait UIInterfaceOrientationLandscapeLeft UIInterfaceOrientationLandscapeRight";
				IPHONEOS_DEPLOYMENT_TARGET = 17.5;
				LD_RUNPATH_SEARCH_PATHS = "@executable_path/Frameworks";
				"LD_RUNPATH_SEARCH_PATHS[sdk=macosx*]" = "@executable_path/../Frameworks";
				MACOSX_DEPLOYMENT_TARGET = 14.5;
				MARKETING_VERSION = 1.0;
				PRODUCT_BUNDLE_IDENTIFIER = "net.soldaini.OLMoE-swift";
				PRODUCT_NAME = "$(TARGET_NAME)";
				SDKROOT = auto;
				SUPPORTED_PLATFORMS = "iphoneos iphonesimulator macosx";
				SWIFT_EMIT_LOC_STRINGS = YES;
				SWIFT_VERSION = 5.0;
				TARGETED_DEVICE_FAMILY = "1,2";
			};
			name = Debug;
		};
		A0117FF92C990EAC00035007 /* Release */ = {
			isa = XCBuildConfiguration;
			baseConfigurationReference = A046603A2CA3FA7B007BD14C /* release.xcconfig */;
			buildSettings = {
				ASSETCATALOG_COMPILER_APPICON_NAME = AppIcon;
				ASSETCATALOG_COMPILER_GLOBAL_ACCENT_COLOR_NAME = AccentColor;
				CODE_SIGN_ENTITLEMENTS = OLMoE.swift/OLMoE_swift.entitlements;
				CODE_SIGN_STYLE = Automatic;
				CURRENT_PROJECT_VERSION = 4;
				DEVELOPMENT_ASSET_PATHS = "\"OLMoE.swift/Preview Content\"";
				DEVELOPMENT_TEAM = QTBFJXDW7X;
				ENABLE_HARDENED_RUNTIME = YES;
				ENABLE_PREVIEWS = YES;
				GENERATE_INFOPLIST_FILE = YES;
				INFOPLIST_FILE = "OLMoE-swift-Info.plist";
				INFOPLIST_KEY_CFBundleDisplayName = "Ai2 OLMoE";
				"INFOPLIST_KEY_UIApplicationSceneManifest_Generation[sdk=iphoneos*]" = YES;
				"INFOPLIST_KEY_UIApplicationSceneManifest_Generation[sdk=iphonesimulator*]" = YES;
				"INFOPLIST_KEY_UIApplicationSupportsIndirectInputEvents[sdk=iphoneos*]" = YES;
				"INFOPLIST_KEY_UIApplicationSupportsIndirectInputEvents[sdk=iphonesimulator*]" = YES;
				"INFOPLIST_KEY_UILaunchScreen_Generation[sdk=iphoneos*]" = YES;
				"INFOPLIST_KEY_UILaunchScreen_Generation[sdk=iphonesimulator*]" = YES;
				"INFOPLIST_KEY_UIStatusBarStyle[sdk=iphoneos*]" = UIStatusBarStyleDefault;
				"INFOPLIST_KEY_UIStatusBarStyle[sdk=iphonesimulator*]" = UIStatusBarStyleDefault;
				INFOPLIST_KEY_UISupportedInterfaceOrientations_iPad = "UIInterfaceOrientationPortrait UIInterfaceOrientationPortraitUpsideDown UIInterfaceOrientationLandscapeLeft UIInterfaceOrientationLandscapeRight";
				INFOPLIST_KEY_UISupportedInterfaceOrientations_iPhone = "UIInterfaceOrientationPortrait UIInterfaceOrientationLandscapeLeft UIInterfaceOrientationLandscapeRight";
				IPHONEOS_DEPLOYMENT_TARGET = 17.5;
				LD_RUNPATH_SEARCH_PATHS = "@executable_path/Frameworks";
				"LD_RUNPATH_SEARCH_PATHS[sdk=macosx*]" = "@executable_path/../Frameworks";
				MACOSX_DEPLOYMENT_TARGET = 14.5;
				MARKETING_VERSION = 1.0;
				PRODUCT_BUNDLE_IDENTIFIER = "net.soldaini.OLMoE-swift";
				PRODUCT_NAME = "$(TARGET_NAME)";
				SDKROOT = auto;
				SUPPORTED_PLATFORMS = "iphoneos iphonesimulator macosx";
				SWIFT_EMIT_LOC_STRINGS = YES;
				SWIFT_VERSION = 5.0;
				TARGETED_DEVICE_FAMILY = "1,2";
			};
			name = Release;
		};
/* End XCBuildConfiguration section */

/* Begin XCConfigurationList section */
		A0117FE32C990EAB00035007 /* Build configuration list for PBXProject "OLMoE.swift" */ = {
			isa = XCConfigurationList;
			buildConfigurations = (
				A0117FF52C990EAC00035007 /* Debug */,
				A0117FF62C990EAC00035007 /* Release */,
			);
			defaultConfigurationIsVisible = 0;
			defaultConfigurationName = Release;
		};
		A0117FF72C990EAC00035007 /* Build configuration list for PBXNativeTarget "OLMoE.swift" */ = {
			isa = XCConfigurationList;
			buildConfigurations = (
				A0117FF82C990EAC00035007 /* Debug */,
				A0117FF92C990EAC00035007 /* Release */,
			);
			defaultConfigurationIsVisible = 0;
			defaultConfigurationName = Release;
		};
/* End XCConfigurationList section */

/* Begin XCRemoteSwiftPackageReference section */
		A0117FFD2C990F5600035007 /* XCRemoteSwiftPackageReference "llama" */ = {
			isa = XCRemoteSwiftPackageReference;
			repositoryURL = "https://github.com/ggerganov/llama.cpp/";
			requirement = {
				branch = master;
				kind = branch;
			};
		};
/* End XCRemoteSwiftPackageReference section */

/* Begin XCSwiftPackageProductDependency section */
		A0117FFE2C990F5600035007 /* llama */ = {
			isa = XCSwiftPackageProductDependency;
			package = A0117FFD2C990F5600035007 /* XCRemoteSwiftPackageReference "llama" */;
			productName = llama;
		};
/* End XCSwiftPackageProductDependency section */
	};
	rootObject = A0117FE02C990EAB00035007 /* Project object */;
}
